
Microsoft Visual Studio Solution File, Format Version 12.00
# Visual Studio Version 17
VisualStudioVersion = 17.8.34330.188
MinimumVisualStudioVersion = 10.0.40219.1
Project("{9A19103F-16F7-4668-BE54-9A1E7A4F7556}") = "DesafioPolo", "DesafioPolo\DesafioPolo.csproj", "{8C830BC7-98D4-4050-9130-90B74C2B082C}"
EndProject
Global
	GlobalSection(SolutionConfigurationPlatforms) = preSolution
		Debug|Any CPU = Debug|Any CPU
		Debug|x64 = Debug|x64
		Release|Any CPU = Release|Any CPU
		Release|x64 = Release|x64
	EndGlobalSection
	GlobalSection(ProjectConfigurationPlatforms) = postSolution
		{8C830BC7-98D4-4050-9130-90B74C2B082C}.Debug|Any CPU.ActiveCfg = Debug|Any CPU
		{8C830BC7-98D4-4050-9130-90B74C2B082C}.Debug|x64.ActiveCfg = Debug|x64
		{8C830BC7-98D4-4050-9130-90B74C2B082C}.Debug|x64.Build.0 = Debug|x64
		{8C830BC7-98D4-4050-9130-90B74C2B082C}.Release|Any CPU.ActiveCfg = Debug|Any CPU
		{8C830BC7-98D4-4050-9130-90B74C2B082C}.Release|x64.ActiveCfg = Release|x64
	EndGlobalSection
	GlobalSection(SolutionProperties) = preSolution
		HideSolutionNode = FALSE
	EndGlobalSection
	GlobalSection(ExtensibilityGlobals) = postSolution
		SolutionGuid = {FDC90744-A398-4104-A54B-0E78DB79A52A}
	EndGlobalSection
EndGlobal
